
Microsoft Visual Studio Solution File, Format Version 12.00
# Visual Studio Version 16
VisualStudioVersion = 16.0.32106.194
MinimumVisualStudioVersion = 10.0.40219.1
Project("{FAE04EC0-301F-11D3-BF4B-00C04F79EFBC}") = "Toys", "Toys\Toys.csproj", "{DE06A3ED-9BEE-4457-BD77-FF9A605A0B59}"
EndProject
Global
	GlobalSection(SolutionConfigurationPlatforms) = preSolution
		Debug|Any CPU = Debug|Any CPU
		Release|Any CPU = Release|Any CPU
	EndGlobalSection
	GlobalSection(ProjectConfigurationPlatforms) = postSolution
		{DE06A3ED-9BEE-4457-BD77-FF9A605A0B59}.Debug|Any CPU.ActiveCfg = Debug|Any CPU
		{DE06A3ED-9BEE-4457-BD77-FF9A605A0B59}.Debug|Any CPU.Build.0 = Debug|Any CPU
		{DE06A3ED-9BEE-4457-BD77-FF9A605A0B59}.Release|Any CPU.ActiveCfg = Release|Any CPU
		{DE06A3ED-9BEE-4457-BD77-FF9A605A0B59}.Release|Any CPU.Build.0 = Release|Any CPU
	EndGlobalSection
	GlobalSection(SolutionProperties) = preSolution
		HideSolutionNode = FALSE
	EndGlobalSection
	GlobalSection(ExtensibilityGlobals) = postSolution
		SolutionGuid = {F239389B-60A6-4220-80D0-E9C18FBE8354}
	EndGlobalSection
EndGlobal
